{
  "nodes": {
    "nixpkgs": {
      "locked": {
        "lastModified": 1791280052,
        "narHash": "sha256-EKAsWPhjzOlDRqRXtrokXH3z/djQI9clN6MShHQZqLU=",
        "owner": "dwinkler1",
        "repo": "rixpkgs",
        "rev": "c76f7c2ead4d951cd47263871a1bd4ee5092a79d",
        "type": "github"
      },
      "original": {
        "owner": "dwinkler1",
        "ref": "nixpkgs",
        "repo": "rixpkgs",
        "type": "github"
      }
    },
    "root": {
      "inputs": {
        "nixpkgs": "nixpkgs"
      }
    }
  },
  "root": "root",
  "version": 7
}
