{
  "nodes": {
    "nixpkgs": {
      "locked": {
        "lastModified": 1758242599,
        "narHash": "sha256-JWAWDWty+PAW07BtXWf8Eb6iixmx0syPBv9KaUMulQw=",
        "owner": "rstats-on-nix",
        "repo": "nixpkgs",
        "rev": "78a56801b9ae1ce850c5b03751d7f00f5d843493",
        "type": "github"
      },
      "original": {
        "owner": "rstats-on-nix",
        "ref": "r-daily",
        "repo": "nixpkgs",
        "type": "github"
      }
    },
    "nvimcom": {
      "flake": false,
      "locked": {
        "lastModified": 1758192647,
        "narHash": "sha256-KgXBhzagf5QVm+t9koGdsurK4YF+mMwwgLR6vn9Yffg=",
        "owner": "R-nvim",
        "repo": "R.nvim",
        "rev": "52f9dbd1db1b0c9a97d1419ab13a960c575214b8",
        "type": "github"
      },
      "original": {
        "owner": "R-nvim",
        "repo": "R.nvim",
        "type": "github"
      }
    },
    "root": {
      "inputs": {
        "nixpkgs": "nixpkgs",
        "nvimcom": "nvimcom"
      }
    }
  },
  "root": "root",
  "version": 7
}
