{
  "nodes": {
    "nixpkgs": {
      "locked": {
        "lastModified": 1756773638,
        "narHash": "sha256-/CGjMBlLgkSI1Xk0qEJbrqalO+MvEDpoclg+D7fwAts=",
        "owner": "rstats-on-nix",
        "repo": "nixpkgs",
        "rev": "0ec4a6987748fe19fcaa1fec66b09142624ca3bb",
        "type": "github"
      },
      "original": {
        "owner": "rstats-on-nix",
        "ref": "r-daily",
        "repo": "nixpkgs",
        "type": "github"
      }
    },
    "nvimcom": {
      "flake": false,
      "locked": {
        "lastModified": 1755532199,
        "narHash": "sha256-mb8HCaMasPUP9JZUkH1sPrtdbhM2HMUkJEKDsRt6wTs=",
        "owner": "R-nvim",
        "repo": "R.nvim",
        "rev": "fd992e1c13ad3df794a30af2e937b994bf7bf4db",
        "type": "github"
      },
      "original": {
        "owner": "R-nvim",
        "repo": "R.nvim",
        "type": "github"
      }
    },
    "root": {
      "inputs": {
        "nixpkgs": "nixpkgs",
        "nvimcom": "nvimcom"
      }
    }
  },
  "root": "root",
  "version": 7
}
